
Microsoft Visual Studio Solution File, Format Version 12.00
# Visual Studio 15
VisualStudioVersion = 15.0.28307.168
MinimumVisualStudioVersion = 10.0.40219.1
Project("{FAE04EC0-301F-11D3-BF4B-00C04F79EFBC}") = "MySQLDapperDebug", "MySQLDapperDebug\MySQLDapperDebug.csproj", "{685ECDE7-2BD9-43BA-8EE8-14975A92A828}"
EndProject
Project("{FAE04EC0-301F-11D3-BF4B-00C04F79EFBC}") = "MySQLDapperDebug.Tests", "MySQLDapperDebug.Tests\MySQLDapperDebug.Tests.csproj", "{04289E65-7F86-42E1-889F-3DC665573E27}"
EndProject
Global
	GlobalSection(SolutionConfigurationPlatforms) = preSolution
		Debug|Any CPU = Debug|Any CPU
		Release|Any CPU = Release|Any CPU
	EndGlobalSection
	GlobalSection(ProjectConfigurationPlatforms) = postSolution
		{685ECDE7-2BD9-43BA-8EE8-14975A92A828}.Debug|Any CPU.ActiveCfg = Debug|Any CPU
		{685ECDE7-2BD9-43BA-8EE8-14975A92A828}.Debug|Any CPU.Build.0 = Debug|Any CPU
		{685ECDE7-2BD9-43BA-8EE8-14975A92A828}.Release|Any CPU.ActiveCfg = Release|Any CPU
		{685ECDE7-2BD9-43BA-8EE8-14975A92A828}.Release|Any CPU.Build.0 = Release|Any CPU
		{04289E65-7F86-42E1-889F-3DC665573E27}.Debug|Any CPU.ActiveCfg = Debug|Any CPU
		{04289E65-7F86-42E1-889F-3DC665573E27}.Debug|Any CPU.Build.0 = Debug|Any CPU
		{04289E65-7F86-42E1-889F-3DC665573E27}.Release|Any CPU.ActiveCfg = Release|Any CPU
		{04289E65-7F86-42E1-889F-3DC665573E27}.Release|Any CPU.Build.0 = Release|Any CPU
	EndGlobalSection
	GlobalSection(SolutionProperties) = preSolution
		HideSolutionNode = FALSE
	EndGlobalSection
	GlobalSection(ExtensibilityGlobals) = postSolution
		SolutionGuid = {6159E0F6-EA54-44B2-A218-B9F22C5D5D90}
	EndGlobalSection
EndGlobal
